
Microsoft Visual Studio Solution File, Format Version 12.00
# Visual Studio Version 17
VisualStudioVersion = 17.0.32112.339
MinimumVisualStudioVersion = 10.0.40219.1
Project("{9A19103F-16F7-4668-BE54-9A1E7A4F7556}") = "ApiDemo.Api", "ApiDemo.Orders\ApiDemo.Api.csproj", "{6E4DF7C6-BADA-403B-BCB4-61D9ACE34CAD}"
EndProject
Project("{9A19103F-16F7-4668-BE54-9A1E7A4F7556}") = "ApiDemo.Accounts", "ApiDemo.Accounts\ApiDemo.Accounts.csproj", "{0AFD90EF-D087-4DAD-9609-B700A3BCA5D8}"
EndProject
Project("{FAE04EC0-301F-11D3-BF4B-00C04F79EFBC}") = "ApiDemo.Shipping", "ApiDemo.Shipping\ApiDemo.Shipping.csproj", "{B2912B85-6DA7-48D6-B11C-32F9458EEC1A}"
EndProject
Global
	GlobalSection(SolutionConfigurationPlatforms) = preSolution
		Debug|Any CPU = Debug|Any CPU
		Release|Any CPU = Release|Any CPU
	EndGlobalSection
	GlobalSection(ProjectConfigurationPlatforms) = postSolution
		{6E4DF7C6-BADA-403B-BCB4-61D9ACE34CAD}.Debug|Any CPU.ActiveCfg = Debug|Any CPU
		{6E4DF7C6-BADA-403B-BCB4-61D9ACE34CAD}.Debug|Any CPU.Build.0 = Debug|Any CPU
		{6E4DF7C6-BADA-403B-BCB4-61D9ACE34CAD}.Release|Any CPU.ActiveCfg = Release|Any CPU
		{6E4DF7C6-BADA-403B-BCB4-61D9ACE34CAD}.Release|Any CPU.Build.0 = Release|Any CPU
		{0AFD90EF-D087-4DAD-9609-B700A3BCA5D8}.Debug|Any CPU.ActiveCfg = Debug|Any CPU
		{0AFD90EF-D087-4DAD-9609-B700A3BCA5D8}.Debug|Any CPU.Build.0 = Debug|Any CPU
		{0AFD90EF-D087-4DAD-9609-B700A3BCA5D8}.Release|Any CPU.ActiveCfg = Release|Any CPU
		{0AFD90EF-D087-4DAD-9609-B700A3BCA5D8}.Release|Any CPU.Build.0 = Release|Any CPU
		{B2912B85-6DA7-48D6-B11C-32F9458EEC1A}.Debug|Any CPU.ActiveCfg = Debug|Any CPU
		{B2912B85-6DA7-48D6-B11C-32F9458EEC1A}.Debug|Any CPU.Build.0 = Debug|Any CPU
		{B2912B85-6DA7-48D6-B11C-32F9458EEC1A}.Release|Any CPU.ActiveCfg = Release|Any CPU
		{B2912B85-6DA7-48D6-B11C-32F9458EEC1A}.Release|Any CPU.Build.0 = Release|Any CPU
	EndGlobalSection
	GlobalSection(SolutionProperties) = preSolution
		HideSolutionNode = FALSE
	EndGlobalSection
	GlobalSection(ExtensibilityGlobals) = postSolution
		SolutionGuid = {467700A6-154F-4257-A29D-C1D3134A517A}
	EndGlobalSection
EndGlobal
